
Microsoft Visual Studio Solution File, Format Version 12.00
# Visual Studio Version 17
VisualStudioVersion = 17.9.34701.34
MinimumVisualStudioVersion = 10.0.40219.1
Project("{FAE04EC0-301F-11D3-BF4B-00C04F79EFBC}") = "EscapeFromPrison", "EscapeFromPrison.csproj", "{E0D3150A-032B-4F5C-9AD2-4E2A201A55F0}"
EndProject
Global
	GlobalSection(SolutionConfigurationPlatforms) = preSolution
		Debug|Any CPU = Debug|Any CPU
		Release|Any CPU = Release|Any CPU
	EndGlobalSection
	GlobalSection(ProjectConfigurationPlatforms) = postSolution
		{E0D3150A-032B-4F5C-9AD2-4E2A201A55F0}.Debug|Any CPU.ActiveCfg = Debug|Any CPU
		{E0D3150A-032B-4F5C-9AD2-4E2A201A55F0}.Debug|Any CPU.Build.0 = Debug|Any CPU
		{E0D3150A-032B-4F5C-9AD2-4E2A201A55F0}.Release|Any CPU.ActiveCfg = Release|Any CPU
		{E0D3150A-032B-4F5C-9AD2-4E2A201A55F0}.Release|Any CPU.Build.0 = Release|Any CPU
	EndGlobalSection
	GlobalSection(SolutionProperties) = preSolution
		HideSolutionNode = FALSE
	EndGlobalSection
	GlobalSection(ExtensibilityGlobals) = postSolution
		SolutionGuid = {8CDF5C02-1E98-46B5-AEA8-3B2B07138554}
	EndGlobalSection
EndGlobal
